// !$*UTF8*$!
{
	archiveVersion = 1;
	classes = {
	};
	objectVersion = 55;
	objects = {

/* Begin PBXBuildFile section */
		1B32474D29A6866400062315 /* DIExt.swift in Sources */ = {isa = PBXBuildFile; fileRef = 1B32474C29A6866400062315 /* DIExt.swift */; };
		1B7DB87C29A3FB3000C30E25 /* diinjectmanualApp.swift in Sources */ = {isa = PBXBuildFile; fileRef = 1B7DB87B29A3FB3000C30E25 /* diinjectmanualApp.swift */; };
		1B7DB87E29A3FB3000C30E25 /* ContentView.swift in Sources */ = {isa = PBXBuildFile; fileRef = 1B7DB87D29A3FB3000C30E25 /* ContentView.swift */; };
		1B7DB88029A3FB3100C30E25 /* Assets.xcassets in Resources */ = {isa = PBXBuildFile; fileRef = 1B7DB87F29A3FB3100C30E25 /* Assets.xcassets */; };
		1B7DB88329A3FB3100C30E25 /* Preview Assets.xcassets in Resources */ = {isa = PBXBuildFile; fileRef = 1B7DB88229A3FB3100C30E25 /* Preview Assets.xcassets */; };
		1B7DB89529A3FDB100C30E25 /* DataExt.swift in Sources */ = {isa = PBXBuildFile; fileRef = 1B7DB88F29A3FDB100C30E25 /* DataExt.swift */; };
		1B7DB89729A3FDB100C30E25 /* LoadingView.swift in Sources */ = {isa = PBXBuildFile; fileRef = 1B7DB89229A3FDB100C30E25 /* LoadingView.swift */; };
		1B7DB89829A3FDB100C30E25 /* amiibo.json in Resources */ = {isa = PBXBuildFile; fileRef = 1B7DB89429A3FDB100C30E25 /* amiibo.json */; };
		1B7DB8B129A3FDCE00C30E25 /* AmiiboSimple.swift in Sources */ = {isa = PBXBuildFile; fileRef = 1B7DB89C29A3FDCE00C30E25 /* AmiiboSimple.swift */; };
		1B7DB8B229A3FDCE00C30E25 /* HomePresenter.swift in Sources */ = {isa = PBXBuildFile; fileRef = 1B7DB89E29A3FDCE00C30E25 /* HomePresenter.swift */; };
		1B7DB8B329A3FDCE00C30E25 /* HomeView.swift in Sources */ = {isa = PBXBuildFile; fileRef = 1B7DB8A029A3FDCE00C30E25 /* HomeView.swift */; };
		1B7DB8B429A3FDCE00C30E25 /* HomeInteractor.swift in Sources */ = {isa = PBXBuildFile; fileRef = 1B7DB8A229A3FDCE00C30E25 /* HomeInteractor.swift */; };
		1B7DB8B529A3FDCE00C30E25 /* Viagem.swift in Sources */ = {isa = PBXBuildFile; fileRef = 1B7DB8A329A3FDCE00C30E25 /* Viagem.swift */; };
		1B7DB8B629A3FDCE00C30E25 /* HomeRouter.swift in Sources */ = {isa = PBXBuildFile; fileRef = 1B7DB8A529A3FDCE00C30E25 /* HomeRouter.swift */; };
		1B7DB8B729A3FDCE00C30E25 /* Amiibo.swift in Sources */ = {isa = PBXBuildFile; fileRef = 1B7DB8A829A3FDCE00C30E25 /* Amiibo.swift */; };
		1B7DB8B829A3FDCE00C30E25 /* DetailsPresenter.swift in Sources */ = {isa = PBXBuildFile; fileRef = 1B7DB8AA29A3FDCE00C30E25 /* DetailsPresenter.swift */; };
		1B7DB8B929A3FDCE00C30E25 /* DetailView.swift in Sources */ = {isa = PBXBuildFile; fileRef = 1B7DB8AC29A3FDCE00C30E25 /* DetailView.swift */; };
		1B7DB8BA29A3FDCE00C30E25 /* DetailsInteractor.swift in Sources */ = {isa = PBXBuildFile; fileRef = 1B7DB8AE29A3FDCE00C30E25 /* DetailsInteractor.swift */; };
		1B7DB8BB29A3FDCE00C30E25 /* DetailsRouter.swift in Sources */ = {isa = PBXBuildFile; fileRef = 1B7DB8B029A3FDCE00C30E25 /* DetailsRouter.swift */; };
/* End PBXBuildFile section */

/* Begin PBXFileReference section */
		1B32474C29A6866400062315 /* DIExt.swift */ = {isa = PBXFileReference; lastKnownFileType = sourcecode.swift; path = DIExt.swift; sourceTree = "<group>"; };
		1B32474E29A6901600062315 /* README.md */ = {isa = PBXFileReference; lastKnownFileType = net.daringfireball.markdown; path = README.md; sourceTree = "<group>"; };
		1B7DB87829A3FB3000C30E25 /* diinjectmanual.app */ = {isa = PBXFileReference; explicitFileType = wrapper.application; includeInIndex = 0; path = diinjectmanual.app; sourceTree = BUILT_PRODUCTS_DIR; };
		1B7DB87B29A3FB3000C30E25 /* diinjectmanualApp.swift */ = {isa = PBXFileReference; lastKnownFileType = sourcecode.swift; path = diinjectmanualApp.swift; sourceTree = "<group>"; };
		1B7DB87D29A3FB3000C30E25 /* ContentView.swift */ = {isa = PBXFileReference; lastKnownFileType = sourcecode.swift; path = ContentView.swift; sourceTree = "<group>"; };
		1B7DB87F29A3FB3100C30E25 /* Assets.xcassets */ = {isa = PBXFileReference; lastKnownFileType = folder.assetcatalog; path = Assets.xcassets; sourceTree = "<group>"; };
		1B7DB88229A3FB3100C30E25 /* Preview Assets.xcassets */ = {isa = PBXFileReference; lastKnownFileType = folder.assetcatalog; path = "Preview Assets.xcassets"; sourceTree = "<group>"; };
		1B7DB88F29A3FDB100C30E25 /* DataExt.swift */ = {isa = PBXFileReference; fileEncoding = 4; lastKnownFileType = sourcecode.swift; path = DataExt.swift; sourceTree = "<group>"; };
		1B7DB89229A3FDB100C30E25 /* LoadingView.swift */ = {isa = PBXFileReference; fileEncoding = 4; lastKnownFileType = sourcecode.swift; path = LoadingView.swift; sourceTree = "<group>"; };
		1B7DB89429A3FDB100C30E25 /* amiibo.json */ = {isa = PBXFileReference; fileEncoding = 4; lastKnownFileType = text.json; path = amiibo.json; sourceTree = "<group>"; };
		1B7DB89C29A3FDCE00C30E25 /* AmiiboSimple.swift */ = {isa = PBXFileReference; fileEncoding = 4; lastKnownFileType = sourcecode.swift; path = AmiiboSimple.swift; sourceTree = "<group>"; };
		1B7DB89E29A3FDCE00C30E25 /* HomePresenter.swift */ = {isa = PBXFileReference; fileEncoding = 4; lastKnownFileType = sourcecode.swift; path = HomePresenter.swift; sourceTree = "<group>"; };
		1B7DB8A029A3FDCE00C30E25 /* HomeView.swift */ = {isa = PBXFileReference; fileEncoding = 4; lastKnownFileType = sourcecode.swift; path = HomeView.swift; sourceTree = "<group>"; };
		1B7DB8A229A3FDCE00C30E25 /* HomeInteractor.swift */ = {isa = PBXFileReference; fileEncoding = 4; lastKnownFileType = sourcecode.swift; path = HomeInteractor.swift; sourceTree = "<group>"; };
		1B7DB8A329A3FDCE00C30E25 /* Viagem.swift */ = {isa = PBXFileReference; fileEncoding = 4; lastKnownFileType = sourcecode.swift; path = Viagem.swift; sourceTree = "<group>"; };
		1B7DB8A529A3FDCE00C30E25 /* HomeRouter.swift */ = {isa = PBXFileReference; fileEncoding = 4; lastKnownFileType = sourcecode.swift; path = HomeRouter.swift; sourceTree = "<group>"; };
		1B7DB8A829A3FDCE00C30E25 /* Amiibo.swift */ = {isa = PBXFileReference; fileEncoding = 4; lastKnownFileType = sourcecode.swift; path = Amiibo.swift; sourceTree = "<group>"; };
		1B7DB8AA29A3FDCE00C30E25 /* DetailsPresenter.swift */ = {isa = PBXFileReference; fileEncoding = 4; lastKnownFileType = sourcecode.swift; path = DetailsPresenter.swift; sourceTree = "<group>"; };
		1B7DB8AC29A3FDCE00C30E25 /* DetailView.swift */ = {isa = PBXFileReference; fileEncoding = 4; lastKnownFileType = sourcecode.swift; path = DetailView.swift; sourceTree = "<group>"; };
		1B7DB8AE29A3FDCE00C30E25 /* DetailsInteractor.swift */ = {isa = PBXFileReference; fileEncoding = 4; lastKnownFileType = sourcecode.swift; path = DetailsInteractor.swift; sourceTree = "<group>"; };
		1B7DB8B029A3FDCE00C30E25 /* DetailsRouter.swift */ = {isa = PBXFileReference; fileEncoding = 4; lastKnownFileType = sourcecode.swift; path = DetailsRouter.swift; sourceTree = "<group>"; };
/* End PBXFileReference section */

/* Begin PBXFrameworksBuildPhase section */
		1B7DB87529A3FB3000C30E25 /* Frameworks */ = {
			isa = PBXFrameworksBuildPhase;
			buildActionMask = 2147483647;
			files = (
			);
			runOnlyForDeploymentPostprocessing = 0;
		};
/* End PBXFrameworksBuildPhase section */

/* Begin PBXGroup section */
		1B7DB86F29A3FB3000C30E25 = {
			isa = PBXGroup;
			children = (
				1B32474E29A6901600062315 /* README.md */,
				1B7DB87A29A3FB3000C30E25 /* diinjectmanual */,
				1B7DB87929A3FB3000C30E25 /* Products */,
			);
			sourceTree = "<group>";
		};
		1B7DB87929A3FB3000C30E25 /* Products */ = {
			isa = PBXGroup;
			children = (
				1B7DB87829A3FB3000C30E25 /* diinjectmanual.app */,
			);
			name = Products;
			sourceTree = "<group>";
		};
		1B7DB87A29A3FB3000C30E25 /* diinjectmanual */ = {
			isa = PBXGroup;
			children = (
				1B7DB89929A3FDCE00C30E25 /* feature */,
				1B7DB88E29A3FDB100C30E25 /* core */,
				1B7DB87B29A3FB3000C30E25 /* diinjectmanualApp.swift */,
				1B7DB87D29A3FB3000C30E25 /* ContentView.swift */,
				1B7DB87F29A3FB3100C30E25 /* Assets.xcassets */,
				1B7DB88129A3FB3100C30E25 /* Preview Content */,
			);
			path = diinjectmanual;
			sourceTree = "<group>";
		};
		1B7DB88129A3FB3100C30E25 /* Preview Content */ = {
			isa = PBXGroup;
			children = (
				1B7DB88229A3FB3100C30E25 /* Preview Assets.xcassets */,
			);
			path = "Preview Content";
			sourceTree = "<group>";
		};
		1B7DB88E29A3FDB100C30E25 /* core */ = {
			isa = PBXGroup;
			children = (
				1B7DB88F29A3FDB100C30E25 /* DataExt.swift */,
				1B7DB89129A3FDB100C30E25 /* Components */,
				1B7DB89329A3FDB100C30E25 /* Assets */,
				1B32474C29A6866400062315 /* DIExt.swift */,
			);
			path = core;
			sourceTree = "<group>";
		};
		1B7DB89129A3FDB100C30E25 /* Components */ = {
			isa = PBXGroup;
			children = (
				1B7DB89229A3FDB100C30E25 /* LoadingView.swift */,
			);
			path = Components;
			sourceTree = "<group>";
		};
		1B7DB89329A3FDB100C30E25 /* Assets */ = {
			isa = PBXGroup;
			children = (
				1B7DB89429A3FDB100C30E25 /* amiibo.json */,
			);
			path = Assets;
			sourceTree = "<group>";
		};
		1B7DB89929A3FDCE00C30E25 /* feature */ = {
			isa = PBXGroup;
			children = (
				1B7DB89A29A3FDCE00C30E25 /* home */,
				1B7DB8A629A3FDCE00C30E25 /* details */,
			);
			path = feature;
			sourceTree = "<group>";
		};
		1B7DB89A29A3FDCE00C30E25 /* home */ = {
			isa = PBXGroup;
			children = (
				1B7DB89B29A3FDCE00C30E25 /* entity */,
				1B7DB89D29A3FDCE00C30E25 /* presenter */,
				1B7DB89F29A3FDCE00C30E25 /* view */,
				1B7DB8A129A3FDCE00C30E25 /* interactor */,
				1B7DB8A429A3FDCE00C30E25 /* router */,
			);
			path = home;
			sourceTree = "<group>";
		};
		1B7DB89B29A3FDCE00C30E25 /* entity */ = {
			isa = PBXGroup;
			children = (
				1B7DB89C29A3FDCE00C30E25 /* AmiiboSimple.swift */,
			);
			path = entity;
			sourceTree = "<group>";
		};
		1B7DB89D29A3FDCE00C30E25 /* presenter */ = {
			isa = PBXGroup;
			children = (
				1B7DB89E29A3FDCE00C30E25 /* HomePresenter.swift */,
			);
			path = presenter;
			sourceTree = "<group>";
		};
		1B7DB89F29A3FDCE00C30E25 /* view */ = {
			isa = PBXGroup;
			children = (
				1B7DB8A029A3FDCE00C30E25 /* HomeView.swift */,
			);
			path = view;
			sourceTree = "<group>";
		};
		1B7DB8A129A3FDCE00C30E25 /* interactor */ = {
			isa = PBXGroup;
			children = (
				1B7DB8A229A3FDCE00C30E25 /* HomeInteractor.swift */,
				1B7DB8A329A3FDCE00C30E25 /* Viagem.swift */,
			);
			path = interactor;
			sourceTree = "<group>";
		};
		1B7DB8A429A3FDCE00C30E25 /* router */ = {
			isa = PBXGroup;
			children = (
				1B7DB8A529A3FDCE00C30E25 /* HomeRouter.swift */,
			);
			path = router;
			sourceTree = "<group>";
		};
		1B7DB8A629A3FDCE00C30E25 /* details */ = {
			isa = PBXGroup;
			children = (
				1B7DB8A729A3FDCE00C30E25 /* entity */,
				1B7DB8A929A3FDCE00C30E25 /* presenter */,
				1B7DB8AB29A3FDCE00C30E25 /* view */,
				1B7DB8AD29A3FDCE00C30E25 /* interactor */,
				1B7DB8AF29A3FDCE00C30E25 /* router */,
			);
			path = details;
			sourceTree = "<group>";
		};
		1B7DB8A729A3FDCE00C30E25 /* entity */ = {
			isa = PBXGroup;
			children = (
				1B7DB8A829A3FDCE00C30E25 /* Amiibo.swift */,
			);
			path = entity;
			sourceTree = "<group>";
		};
		1B7DB8A929A3FDCE00C30E25 /* presenter */ = {
			isa = PBXGroup;
			children = (
				1B7DB8AA29A3FDCE00C30E25 /* DetailsPresenter.swift */,
			);
			path = presenter;
			sourceTree = "<group>";
		};
		1B7DB8AB29A3FDCE00C30E25 /* view */ = {
			isa = PBXGroup;
			children = (
				1B7DB8AC29A3FDCE00C30E25 /* DetailView.swift */,
			);
			path = view;
			sourceTree = "<group>";
		};
		1B7DB8AD29A3FDCE00C30E25 /* interactor */ = {
			isa = PBXGroup;
			children = (
				1B7DB8AE29A3FDCE00C30E25 /* DetailsInteractor.swift */,
			);
			path = interactor;
			sourceTree = "<group>";
		};
		1B7DB8AF29A3FDCE00C30E25 /* router */ = {
			isa = PBXGroup;
			children = (
				1B7DB8B029A3FDCE00C30E25 /* DetailsRouter.swift */,
			);
			path = router;
			sourceTree = "<group>";
		};
/* End PBXGroup section */

/* Begin PBXNativeTarget section */
		1B7DB87729A3FB3000C30E25 /* diinjectmanual */ = {
			isa = PBXNativeTarget;
			buildConfigurationList = 1B7DB88629A3FB3100C30E25 /* Build configuration list for PBXNativeTarget "diinjectmanual" */;
			buildPhases = (
				1B7DB87429A3FB3000C30E25 /* Sources */,
				1B7DB87529A3FB3000C30E25 /* Frameworks */,
				1B7DB87629A3FB3000C30E25 /* Resources */,
			);
			buildRules = (
			);
			dependencies = (
			);
			name = diinjectmanual;
			productName = diinjectmanual;
			productReference = 1B7DB87829A3FB3000C30E25 /* diinjectmanual.app */;
			productType = "com.apple.product-type.application";
		};
/* End PBXNativeTarget section */

/* Begin PBXProject section */
		1B7DB87029A3FB3000C30E25 /* Project object */ = {
			isa = PBXProject;
			attributes = {
				BuildIndependentTargetsInParallel = 1;
				LastSwiftUpdateCheck = 1340;
				LastUpgradeCheck = 1340;
				TargetAttributes = {
					1B7DB87729A3FB3000C30E25 = {
						CreatedOnToolsVersion = 13.4.1;
					};
				};
			};
			buildConfigurationList = 1B7DB87329A3FB3000C30E25 /* Build configuration list for PBXProject "diinjectmanual" */;
			compatibilityVersion = "Xcode 13.0";
			developmentRegion = en;
			hasScannedForEncodings = 0;
			knownRegions = (
				en,
				Base,
			);
			mainGroup = 1B7DB86F29A3FB3000C30E25;
			productRefGroup = 1B7DB87929A3FB3000C30E25 /* Products */;
			projectDirPath = "";
			projectRoot = "";
			targets = (
				1B7DB87729A3FB3000C30E25 /* diinjectmanual */,
			);
		};
/* End PBXProject section */

/* Begin PBXResourcesBuildPhase section */
		1B7DB87629A3FB3000C30E25 /* Resources */ = {
			isa = PBXResourcesBuildPhase;
			buildActionMask = 2147483647;
			files = (
				1B7DB89829A3FDB100C30E25 /* amiibo.json in Resources */,
				1B7DB88329A3FB3100C30E25 /* Preview Assets.xcassets in Resources */,
				1B7DB88029A3FB3100C30E25 /* Assets.xcassets in Resources */,
			);
			runOnlyForDeploymentPostprocessing = 0;
		};
/* End PBXResourcesBuildPhase section */

/* Begin PBXSourcesBuildPhase section */
		1B7DB87429A3FB3000C30E25 /* Sources */ = {
			isa = PBXSourcesBuildPhase;
			buildActionMask = 2147483647;
			files = (
				1B7DB8B729A3FDCE00C30E25 /* Amiibo.swift in Sources */,
				1B7DB8BA29A3FDCE00C30E25 /* DetailsInteractor.swift in Sources */,
				1B7DB87E29A3FB3000C30E25 /* ContentView.swift in Sources */,
				1B7DB8B529A3FDCE00C30E25 /* Viagem.swift in Sources */,
				1B32474D29A6866400062315 /* DIExt.swift in Sources */,
				1B7DB8B329A3FDCE00C30E25 /* HomeView.swift in Sources */,
				1B7DB8B129A3FDCE00C30E25 /* AmiiboSimple.swift in Sources */,
				1B7DB8B429A3FDCE00C30E25 /* HomeInteractor.swift in Sources */,
				1B7DB89729A3FDB100C30E25 /* LoadingView.swift in Sources */,
				1B7DB8B929A3FDCE00C30E25 /* DetailView.swift in Sources */,
				1B7DB8B229A3FDCE00C30E25 /* HomePresenter.swift in Sources */,
				1B7DB89529A3FDB100C30E25 /* DataExt.swift in Sources */,
				1B7DB87C29A3FB3000C30E25 /* diinjectmanualApp.swift in Sources */,
				1B7DB8B629A3FDCE00C30E25 /* HomeRouter.swift in Sources */,
				1B7DB8BB29A3FDCE00C30E25 /* DetailsRouter.swift in Sources */,
				1B7DB8B829A3FDCE00C30E25 /* DetailsPresenter.swift in Sources */,
			);
			runOnlyForDeploymentPostprocessing = 0;
		};
/* End PBXSourcesBuildPhase section */

/* Begin XCBuildConfiguration section */
		1B7DB88429A3FB3100C30E25 /* Debug */ = {
			isa = XCBuildConfiguration;
			buildSettings = {
				ALWAYS_SEARCH_USER_PATHS = NO;
				CLANG_ANALYZER_NONNULL = YES;
				CLANG_ANALYZER_NUMBER_OBJECT_CONVERSION = YES_AGGRESSIVE;
				CLANG_CXX_LANGUAGE_STANDARD = "gnu++17";
				CLANG_ENABLE_MODULES = YES;
				CLANG_ENABLE_OBJC_ARC = YES;
				CLANG_ENABLE_OBJC_WEAK = YES;
				CLANG_WARN_BLOCK_CAPTURE_AUTORELEASING = YES;
				CLANG_WARN_BOOL_CONVERSION = YES;
				CLANG_WARN_COMMA = YES;
				CLANG_WARN_CONSTANT_CONVERSION = YES;
				CLANG_WARN_DEPRECATED_OBJC_IMPLEMENTATIONS = YES;
				CLANG_WARN_DIRECT_OBJC_ISA_USAGE = YES_ERROR;
				CLANG_WARN_DOCUMENTATION_COMMENTS = YES;
				CLANG_WARN_EMPTY_BODY = YES;
				CLANG_WARN_ENUM_CONVERSION = YES;
				CLANG_WARN_INFINITE_RECURSION = YES;
				CLANG_WARN_INT_CONVERSION = YES;
				CLANG_WARN_NON_LITERAL_NULL_CONVERSION = YES;
				CLANG_WARN_OBJC_IMPLICIT_RETAIN_SELF = YES;
				CLANG_WARN_OBJC_LITERAL_CONVERSION = YES;
				CLANG_WARN_OBJC_ROOT_CLASS = YES_ERROR;
				CLANG_WARN_QUOTED_INCLUDE_IN_FRAMEWORK_HEADER = YES;
				CLANG_WARN_RANGE_LOOP_ANALYSIS = YES;
				CLANG_WARN_STRICT_PROTOTYPES = YES;
				CLANG_WARN_SUSPICIOUS_MOVE = YES;
				CLANG_WARN_UNGUARDED_AVAILABILITY = YES_AGGRESSIVE;
				CLANG_WARN_UNREACHABLE_CODE = YES;
				CLANG_WARN__DUPLICATE_METHOD_MATCH = YES;
				COPY_PHASE_STRIP = NO;
				DEBUG_INFORMATION_FORMAT = dwarf;
				ENABLE_STRICT_OBJC_MSGSEND = YES;
				ENABLE_TESTABILITY = YES;
				GCC_C_LANGUAGE_STANDARD = gnu11;
				GCC_DYNAMIC_NO_PIC = NO;
				GCC_NO_COMMON_BLOCKS = YES;
				GCC_OPTIMIZATION_LEVEL = 0;
				GCC_PREPROCESSOR_DEFINITIONS = (
					"DEBUG=1",
					"$(inherited)",
				);
				GCC_WARN_64_TO_32_BIT_CONVERSION = YES;
				GCC_WARN_ABOUT_RETURN_TYPE = YES_ERROR;
				GCC_WARN_UNDECLARED_SELECTOR = YES;
				GCC_WARN_UNINITIALIZED_AUTOS = YES_AGGRESSIVE;
				GCC_WARN_UNUSED_FUNCTION = YES;
				GCC_WARN_UNUSED_VARIABLE = YES;
				IPHONEOS_DEPLOYMENT_TARGET = 15.5;
				MTL_ENABLE_DEBUG_INFO = INCLUDE_SOURCE;
				MTL_FAST_MATH = YES;
				ONLY_ACTIVE_ARCH = YES;
				SDKROOT = iphoneos;
				SWIFT_ACTIVE_COMPILATION_CONDITIONS = DEBUG;
				SWIFT_OPTIMIZATION_LEVEL = "-Onone";
			};
			name = Debug;
		};
		1B7DB88529A3FB3100C30E25 /* Release */ = {
			isa = XCBuildConfiguration;
			buildSettings = {
				ALWAYS_SEARCH_USER_PATHS = NO;
				CLANG_ANALYZER_NONNULL = YES;
				CLANG_ANALYZER_NUMBER_OBJECT_CONVERSION = YES_AGGRESSIVE;
				CLANG_CXX_LANGUAGE_STANDARD = "gnu++17";
				CLANG_ENABLE_MODULES = YES;
				CLANG_ENABLE_OBJC_ARC = YES;
				CLANG_ENABLE_OBJC_WEAK = YES;
				CLANG_WARN_BLOCK_CAPTURE_AUTORELEASING = YES;
				CLANG_WARN_BOOL_CONVERSION = YES;
				CLANG_WARN_COMMA = YES;
				CLANG_WARN_CONSTANT_CONVERSION = YES;
				CLANG_WARN_DEPRECATED_OBJC_IMPLEMENTATIONS = YES;
				CLANG_WARN_DIRECT_OBJC_ISA_USAGE = YES_ERROR;
				CLANG_WARN_DOCUMENTATION_COMMENTS = YES;
				CLANG_WARN_EMPTY_BODY = YES;
				CLANG_WARN_ENUM_CONVERSION = YES;
				CLANG_WARN_INFINITE_RECURSION = YES;
				CLANG_WARN_INT_CONVERSION = YES;
				CLANG_WARN_NON_LITERAL_NULL_CONVERSION = YES;
				CLANG_WARN_OBJC_IMPLICIT_RETAIN_SELF = YES;
				CLANG_WARN_OBJC_LITERAL_CONVERSION = YES;
				CLANG_WARN_OBJC_ROOT_CLASS = YES_ERROR;
				CLANG_WARN_QUOTED_INCLUDE_IN_FRAMEWORK_HEADER = YES;
				CLANG_WARN_RANGE_LOOP_ANALYSIS = YES;
				CLANG_WARN_STRICT_PROTOTYPES = YES;
				CLANG_WARN_SUSPICIOUS_MOVE = YES;
				CLANG_WARN_UNGUARDED_AVAILABILITY = YES_AGGRESSIVE;
				CLANG_WARN_UNREACHABLE_CODE = YES;
				CLANG_WARN__DUPLICATE_METHOD_MATCH = YES;
				COPY_PHASE_STRIP = NO;
				DEBUG_INFORMATION_FORMAT = "dwarf-with-dsym";
				ENABLE_NS_ASSERTIONS = NO;
				ENABLE_STRICT_OBJC_MSGSEND = YES;
				GCC_C_LANGUAGE_STANDARD = gnu11;
				GCC_NO_COMMON_BLOCKS = YES;
				GCC_WARN_64_TO_32_BIT_CONVERSION = YES;
				GCC_WARN_ABOUT_RETURN_TYPE = YES_ERROR;
				GCC_WARN_UNDECLARED_SELECTOR = YES;
				GCC_WARN_UNINITIALIZED_AUTOS = YES_AGGRESSIVE;
				GCC_WARN_UNUSED_FUNCTION = YES;
				GCC_WARN_UNUSED_VARIABLE = YES;
				IPHONEOS_DEPLOYMENT_TARGET = 15.5;
				MTL_ENABLE_DEBUG_INFO = NO;
				MTL_FAST_MATH = YES;
				SDKROOT = iphoneos;
				SWIFT_COMPILATION_MODE = wholemodule;
				SWIFT_OPTIMIZATION_LEVEL = "-O";
				VALIDATE_PRODUCT = YES;
			};
			name = Release;
		};
		1B7DB88729A3FB3100C30E25 /* Debug */ = {
			isa = XCBuildConfiguration;
			buildSettings = {
				ASSETCATALOG_COMPILER_APPICON_NAME = AppIcon;
				ASSETCATALOG_COMPILER_GLOBAL_ACCENT_COLOR_NAME = AccentColor;
				CODE_SIGN_STYLE = Automatic;
				CURRENT_PROJECT_VERSION = 1;
				DEVELOPMENT_ASSET_PATHS = "\"diinjectmanual/Preview Content\"";
				DEVELOPMENT_TEAM = TPTZGCTSVC;
				ENABLE_PREVIEWS = YES;
				GENERATE_INFOPLIST_FILE = YES;
				INFOPLIST_KEY_UIApplicationSceneManifest_Generation = YES;
				INFOPLIST_KEY_UIApplicationSupportsIndirectInputEvents = YES;
				INFOPLIST_KEY_UILaunchScreen_Generation = YES;
				INFOPLIST_KEY_UISupportedInterfaceOrientations_iPad = "UIInterfaceOrientationPortrait UIInterfaceOrientationPortraitUpsideDown UIInterfaceOrientationLandscapeLeft UIInterfaceOrientationLandscapeRight";
				INFOPLIST_KEY_UISupportedInterfaceOrientations_iPhone = "UIInterfaceOrientationPortrait UIInterfaceOrientationLandscapeLeft UIInterfaceOrientationLandscapeRight";
				LD_RUNPATH_SEARCH_PATHS = (
					"$(inherited)",
					"@executable_path/Frameworks",
				);
				MARKETING_VERSION = 1.0;
				PRODUCT_BUNDLE_IDENTIFIER = com.quanticheart.diinjectmanual;
				PRODUCT_NAME = "$(TARGET_NAME)";
				SWIFT_EMIT_LOC_STRINGS = YES;
				SWIFT_VERSION = 5.0;
				TARGETED_DEVICE_FAMILY = "1,2";
			};
			name = Debug;
		};
		1B7DB88829A3FB3100C30E25 /* Release */ = {
			isa = XCBuildConfiguration;
			buildSettings = {
				ASSETCATALOG_COMPILER_APPICON_NAME = AppIcon;
				ASSETCATALOG_COMPILER_GLOBAL_ACCENT_COLOR_NAME = AccentColor;
				CODE_SIGN_STYLE = Automatic;
				CURRENT_PROJECT_VERSION = 1;
				DEVELOPMENT_ASSET_PATHS = "\"diinjectmanual/Preview Content\"";
				DEVELOPMENT_TEAM = TPTZGCTSVC;
				ENABLE_PREVIEWS = YES;
				GENERATE_INFOPLIST_FILE = YES;
				INFOPLIST_KEY_UIApplicationSceneManifest_Generation = YES;
				INFOPLIST_KEY_UIApplicationSupportsIndirectInputEvents = YES;
				INFOPLIST_KEY_UILaunchScreen_Generation = YES;
				INFOPLIST_KEY_UISupportedInterfaceOrientations_iPad = "UIInterfaceOrientationPortrait UIInterfaceOrientationPortraitUpsideDown UIInterfaceOrientationLandscapeLeft UIInterfaceOrientationLandscapeRight";
				INFOPLIST_KEY_UISupportedInterfaceOrientations_iPhone = "UIInterfaceOrientationPortrait UIInterfaceOrientationLandscapeLeft UIInterfaceOrientationLandscapeRight";
				LD_RUNPATH_SEARCH_PATHS = (
					"$(inherited)",
					"@executable_path/Frameworks",
				);
				MARKETING_VERSION = 1.0;
				PRODUCT_BUNDLE_IDENTIFIER = com.quanticheart.diinjectmanual;
				PRODUCT_NAME = "$(TARGET_NAME)";
				SWIFT_EMIT_LOC_STRINGS = YES;
				SWIFT_VERSION = 5.0;
				TARGETED_DEVICE_FAMILY = "1,2";
			};
			name = Release;
		};
/* End XCBuildConfiguration section */

/* Begin XCConfigurationList section */
		1B7DB87329A3FB3000C30E25 /* Build configuration list for PBXProject "diinjectmanual" */ = {
			isa = XCConfigurationList;
			buildConfigurations = (
				1B7DB88429A3FB3100C30E25 /* Debug */,
				1B7DB88529A3FB3100C30E25 /* Release */,
			);
			defaultConfigurationIsVisible = 0;
			defaultConfigurationName = Release;
		};
		1B7DB88629A3FB3100C30E25 /* Build configuration list for PBXNativeTarget "diinjectmanual" */ = {
			isa = XCConfigurationList;
			buildConfigurations = (
				1B7DB88729A3FB3100C30E25 /* Debug */,
				1B7DB88829A3FB3100C30E25 /* Release */,
			);
			defaultConfigurationIsVisible = 0;
			defaultConfigurationName = Release;
		};
/* End XCConfigurationList section */
	};
	rootObject = 1B7DB87029A3FB3000C30E25 /* Project object */;
}
